
Microsoft Visual Studio Solution File, Format Version 12.00
# Visual Studio Version 16
VisualStudioVersion = 16.0.30503.244
MinimumVisualStudioVersion = 10.0.40219.1
Project("{2150E333-8FDC-42A3-9474-1A3956D46DE8}") = "src", "src", "{532ED499-8AEF-47B4-A988-7FAED0665623}"
EndProject
Project("{2150E333-8FDC-42A3-9474-1A3956D46DE8}") = "tests", "tests", "{E93230F4-37F1-4502-82DC-57A3FB4D629D}"
EndProject
Project("{2150E333-8FDC-42A3-9474-1A3956D46DE8}") = "docs", "docs", "{19C1C493-D678-4C81-9D2C-00C1D86442B4}"
EndProject
Project("{9A19103F-16F7-4668-BE54-9A1E7A4F7556}") = "Common.DomainModel", "src\Common.DomainModel\Common.DomainModel.csproj", "{91562072-0AF4-47D5-9584-963FD39F0F33}"
EndProject
Project("{9A19103F-16F7-4668-BE54-9A1E7A4F7556}") = "Real.DomainModel", "src\Real.DomainModel\Real.DomainModel.csproj", "{85000B2D-EE3C-4B57-9EA1-A9C01BFD80B6}"
EndProject
Project("{9A19103F-16F7-4668-BE54-9A1E7A4F7556}") = "Real.DomainServices", "src\Real.DomainServices\Real.DomainServices.csproj", "{02397AAE-36C1-4119-8621-8F032D3F724E}"
EndProject
Project("{9A19103F-16F7-4668-BE54-9A1E7A4F7556}") = "Real.DomainServices.UnitTests", "tests\Real.DomainServices.UnitTests\Real.DomainServices.UnitTests.csproj", "{BB241528-B7BF-4CA5-BF44-AC7AAE5E2FBA}"
EndProject
Project("{9A19103F-16F7-4668-BE54-9A1E7A4F7556}") = "Real.WebApi", "src\Real.WebApi\Real.WebApi.csproj", "{6FD14763-F144-489D-8F9E-58A96F48FD75}"
EndProject
Project("{9A19103F-16F7-4668-BE54-9A1E7A4F7556}") = "Real.DomainServices.PropertyRepository", "src\Real.DomainServices.PropertyRepository\Real.DomainServices.PropertyRepository.csproj", "{7FB403E3-B42C-4705-B308-C15E72E0E0F0}"
EndProject
Project("{2150E333-8FDC-42A3-9474-1A3956D46DE8}") = "Solution Items", "Solution Items", "{F0227B14-476B-4C2D-B7BF-B9FE0CFB2A44}"
	ProjectSection(SolutionItems) = preProject
		README.md = README.md
	EndProjectSection
EndProject
Global
	GlobalSection(SolutionConfigurationPlatforms) = preSolution
		Debug|Any CPU = Debug|Any CPU
		Release|Any CPU = Release|Any CPU
	EndGlobalSection
	GlobalSection(ProjectConfigurationPlatforms) = postSolution
		{91562072-0AF4-47D5-9584-963FD39F0F33}.Debug|Any CPU.ActiveCfg = Debug|Any CPU
		{91562072-0AF4-47D5-9584-963FD39F0F33}.Debug|Any CPU.Build.0 = Debug|Any CPU
		{91562072-0AF4-47D5-9584-963FD39F0F33}.Release|Any CPU.ActiveCfg = Release|Any CPU
		{91562072-0AF4-47D5-9584-963FD39F0F33}.Release|Any CPU.Build.0 = Release|Any CPU
		{85000B2D-EE3C-4B57-9EA1-A9C01BFD80B6}.Debug|Any CPU.ActiveCfg = Debug|Any CPU
		{85000B2D-EE3C-4B57-9EA1-A9C01BFD80B6}.Debug|Any CPU.Build.0 = Debug|Any CPU
		{85000B2D-EE3C-4B57-9EA1-A9C01BFD80B6}.Release|Any CPU.ActiveCfg = Release|Any CPU
		{85000B2D-EE3C-4B57-9EA1-A9C01BFD80B6}.Release|Any CPU.Build.0 = Release|Any CPU
		{02397AAE-36C1-4119-8621-8F032D3F724E}.Debug|Any CPU.ActiveCfg = Debug|Any CPU
		{02397AAE-36C1-4119-8621-8F032D3F724E}.Debug|Any CPU.Build.0 = Debug|Any CPU
		{02397AAE-36C1-4119-8621-8F032D3F724E}.Release|Any CPU.ActiveCfg = Release|Any CPU
		{02397AAE-36C1-4119-8621-8F032D3F724E}.Release|Any CPU.Build.0 = Release|Any CPU
		{BB241528-B7BF-4CA5-BF44-AC7AAE5E2FBA}.Debug|Any CPU.ActiveCfg = Debug|Any CPU
		{BB241528-B7BF-4CA5-BF44-AC7AAE5E2FBA}.Debug|Any CPU.Build.0 = Debug|Any CPU
		{BB241528-B7BF-4CA5-BF44-AC7AAE5E2FBA}.Release|Any CPU.ActiveCfg = Release|Any CPU
		{BB241528-B7BF-4CA5-BF44-AC7AAE5E2FBA}.Release|Any CPU.Build.0 = Release|Any CPU
		{6FD14763-F144-489D-8F9E-58A96F48FD75}.Debug|Any CPU.ActiveCfg = Debug|Any CPU
		{6FD14763-F144-489D-8F9E-58A96F48FD75}.Debug|Any CPU.Build.0 = Debug|Any CPU
		{6FD14763-F144-489D-8F9E-58A96F48FD75}.Release|Any CPU.ActiveCfg = Release|Any CPU
		{6FD14763-F144-489D-8F9E-58A96F48FD75}.Release|Any CPU.Build.0 = Release|Any CPU
		{7FB403E3-B42C-4705-B308-C15E72E0E0F0}.Debug|Any CPU.ActiveCfg = Debug|Any CPU
		{7FB403E3-B42C-4705-B308-C15E72E0E0F0}.Debug|Any CPU.Build.0 = Debug|Any CPU
		{7FB403E3-B42C-4705-B308-C15E72E0E0F0}.Release|Any CPU.ActiveCfg = Release|Any CPU
		{7FB403E3-B42C-4705-B308-C15E72E0E0F0}.Release|Any CPU.Build.0 = Release|Any CPU
	EndGlobalSection
	GlobalSection(SolutionProperties) = preSolution
		HideSolutionNode = FALSE
	EndGlobalSection
	GlobalSection(NestedProjects) = preSolution
		{91562072-0AF4-47D5-9584-963FD39F0F33} = {532ED499-8AEF-47B4-A988-7FAED0665623}
		{85000B2D-EE3C-4B57-9EA1-A9C01BFD80B6} = {532ED499-8AEF-47B4-A988-7FAED0665623}
		{02397AAE-36C1-4119-8621-8F032D3F724E} = {532ED499-8AEF-47B4-A988-7FAED0665623}
		{BB241528-B7BF-4CA5-BF44-AC7AAE5E2FBA} = {E93230F4-37F1-4502-82DC-57A3FB4D629D}
		{6FD14763-F144-489D-8F9E-58A96F48FD75} = {532ED499-8AEF-47B4-A988-7FAED0665623}
		{7FB403E3-B42C-4705-B308-C15E72E0E0F0} = {532ED499-8AEF-47B4-A988-7FAED0665623}
	EndGlobalSection
	GlobalSection(ExtensibilityGlobals) = postSolution
		SolutionGuid = {A34E350E-0A58-4043-A156-2F7FB1C8906A}
	EndGlobalSection
EndGlobal
